// !$*UTF8*$!
{
	archiveVersion = 1;
	classes = {
	};
	objectVersion = 46;
	objects = {

/* Begin PBXBuildFile section */
		C267C7271AD2E5CC003071E8 /* Accelerate.framework in Frameworks */ = {isa = PBXBuildFile; fileRef = C267C7261AD2E5CC003071E8 /* Accelerate.framework */; };
		C27EABD31ACD6E4700148297 /* PokeMikuStompLib.h in Headers */ = {isa = PBXBuildFile; fileRef = C27EABD21ACD6E4700148297 /* PokeMikuStompLib.h */; };
		C27EABD51ACD6E4700148297 /* PokeMikuStompLib.mm in Sources */ = {isa = PBXBuildFile; fileRef = C27EABD41ACD6E4700148297 /* PokeMikuStompLib.mm */; };
		C27EABDB1ACD6E4700148297 /* libPokeMikuStompLib.a in Frameworks */ = {isa = PBXBuildFile; fileRef = C27EABCF1ACD6E4700148297 /* libPokeMikuStompLib.a */; };
		C27EAC001ACD6EC700148297 /* OpenAL.framework in Frameworks */ = {isa = PBXBuildFile; fileRef = C27EABFF1ACD6EC700148297 /* OpenAL.framework */; };
		C27EAC011ACD6ECE00148297 /* libPitchDetector.a in Frameworks */ = {isa = PBXBuildFile; fileRef = C27EABEF1ACD6E8E00148297 /* libPitchDetector.a */; };
		C27EAC021ACD6ECE00148297 /* libSoundCapture.a in Frameworks */ = {isa = PBXBuildFile; fileRef = C27EABF81ACD6E9C00148297 /* libSoundCapture.a */; };
		C2BCFD841AD8BAFD00326ECB /* VoiceController.cpp in Sources */ = {isa = PBXBuildFile; fileRef = C2BCFD821AD8BAFD00326ECB /* VoiceController.cpp */; };
		C2BCFD851AD8BAFD00326ECB /* VoiceController.h in Headers */ = {isa = PBXBuildFile; fileRef = C2BCFD831AD8BAFD00326ECB /* VoiceController.h */; };
		C2BCFD881AD8BB1300326ECB /* StaticVoiceController.cpp in Sources */ = {isa = PBXBuildFile; fileRef = C2BCFD861AD8BB1300326ECB /* StaticVoiceController.cpp */; };
		C2BCFD891AD8BB1300326ECB /* StaticVoiceController.h in Headers */ = {isa = PBXBuildFile; fileRef = C2BCFD871AD8BB1300326ECB /* StaticVoiceController.h */; };
		C2BCFD8C1AD8C6D600326ECB /* Utilities.cpp in Sources */ = {isa = PBXBuildFile; fileRef = C2BCFD8A1AD8C6D600326ECB /* Utilities.cpp */; };
		C2BCFD8D1AD8C6D600326ECB /* Utilities.h in Headers */ = {isa = PBXBuildFile; fileRef = C2BCFD8B1AD8C6D600326ECB /* Utilities.h */; };
		C2BCFD901AD8CA9300326ECB /* Phrase.cpp in Sources */ = {isa = PBXBuildFile; fileRef = C2BCFD8E1AD8CA9300326ECB /* Phrase.cpp */; };
		C2BCFD911AD8CA9300326ECB /* Phrase.h in Headers */ = {isa = PBXBuildFile; fileRef = C2BCFD8F1AD8CA9300326ECB /* Phrase.h */; };
		C2BCFD981AD8CF1B00326ECB /* MikuPhrase.cpp in Sources */ = {isa = PBXBuildFile; fileRef = C2BCFD961AD8CF1B00326ECB /* MikuPhrase.cpp */; };
		C2BCFD991AD8CF1B00326ECB /* MikuPhrase.h in Headers */ = {isa = PBXBuildFile; fileRef = C2BCFD971AD8CF1B00326ECB /* MikuPhrase.h */; };
		C2BCFD9B1AD8D84800326ECB /* VoiceControllerTest.mm in Sources */ = {isa = PBXBuildFile; fileRef = C2BCFD9A1AD8D84800326ECB /* VoiceControllerTest.mm */; };
		EEBBE10BD05A3B045D78E0CA /* libPods.a in Frameworks */ = {isa = PBXBuildFile; fileRef = FE027E889037045845A8820A /* libPods.a */; };
/* End PBXBuildFile section */

/* Begin PBXContainerItemProxy section */
		C27EABDC1ACD6E4700148297 /* PBXContainerItemProxy */ = {
			isa = PBXContainerItemProxy;
			containerPortal = C27EABC71ACD6E4700148297 /* Project object */;
			proxyType = 1;
			remoteGlobalIDString = C27EABCE1ACD6E4700148297;
			remoteInfo = PokeMikuStompLib;
		};
		C27EABEE1ACD6E8E00148297 /* PBXContainerItemProxy */ = {
			isa = PBXContainerItemProxy;
			containerPortal = C27EABE91ACD6E8E00148297 /* PitchDetector.xcodeproj */;
			proxyType = 2;
			remoteGlobalIDString = C27EAB7C1ACD6CFC00148297;
			remoteInfo = PitchDetector;
		};
		C27EABF01ACD6E8E00148297 /* PBXContainerItemProxy */ = {
			isa = PBXContainerItemProxy;
			containerPortal = C27EABE91ACD6E8E00148297 /* PitchDetector.xcodeproj */;
			proxyType = 2;
			remoteGlobalIDString = C27EAB871ACD6CFC00148297;
			remoteInfo = PitchDetectorTests;
		};
		C27EABF71ACD6E9C00148297 /* PBXContainerItemProxy */ = {
			isa = PBXContainerItemProxy;
			containerPortal = C27EABF21ACD6E9C00148297 /* SoundCapture.xcodeproj */;
			proxyType = 2;
			remoteGlobalIDString = C27EABA81ACD6D3400148297;
			remoteInfo = SoundCapture;
		};
		C27EABF91ACD6E9C00148297 /* PBXContainerItemProxy */ = {
			isa = PBXContainerItemProxy;
			containerPortal = C27EABF21ACD6E9C00148297 /* SoundCapture.xcodeproj */;
			proxyType = 2;
			remoteGlobalIDString = C27EABB31ACD6D3400148297;
			remoteInfo = SoundCaptureTests;
		};
		C27EABFB1ACD6EB800148297 /* PBXContainerItemProxy */ = {
			isa = PBXContainerItemProxy;
			containerPortal = C27EABE91ACD6E8E00148297 /* PitchDetector.xcodeproj */;
			proxyType = 1;
			remoteGlobalIDString = C27EAB7B1ACD6CFC00148297;
			remoteInfo = PitchDetector;
		};
		C27EABFD1ACD6EBD00148297 /* PBXContainerItemProxy */ = {
			isa = PBXContainerItemProxy;
			containerPortal = C27EABF21ACD6E9C00148297 /* SoundCapture.xcodeproj */;
			proxyType = 1;
			remoteGlobalIDString = C27EABA71ACD6D3400148297;
			remoteInfo = SoundCapture;
		};
		C27EAC181ACD728800148297 /* PBXContainerItemProxy */ = {
			isa = PBXContainerItemProxy;
			containerPortal = C27EAC121ACD728800148297 /* Pods.xcodeproj */;
			proxyType = 2;
			remoteGlobalIDString = 42E265D885846421BEBE1C9D;
			remoteInfo = Pods;
		};
		C27EAC1A1ACD728800148297 /* PBXContainerItemProxy */ = {
			isa = PBXContainerItemProxy;
			containerPortal = C27EAC121ACD728800148297 /* Pods.xcodeproj */;
			proxyType = 2;
			remoteGlobalIDString = 5BC7F908E088CEF7EBD2896E;
			remoteInfo = "Pods-ObjCPokeMiku";
		};
/* End PBXContainerItemProxy section */

/* Begin PBXFileReference section */
		018275A5EC2222907D0CBF21 /* Pods.debug.xcconfig */ = {isa = PBXFileReference; includeInIndex = 1; lastKnownFileType = text.xcconfig; name = Pods.debug.xcconfig; path = "Pods/Target Support Files/Pods/Pods.debug.xcconfig"; sourceTree = "<group>"; };
		074A8FE93822D8D9A6850F21 /* Pods.release.xcconfig */ = {isa = PBXFileReference; includeInIndex = 1; lastKnownFileType = text.xcconfig; name = Pods.release.xcconfig; path = "Pods/Target Support Files/Pods/Pods.release.xcconfig"; sourceTree = "<group>"; };
		C267C7261AD2E5CC003071E8 /* Accelerate.framework */ = {isa = PBXFileReference; lastKnownFileType = wrapper.framework; name = Accelerate.framework; path = System/Library/Frameworks/Accelerate.framework; sourceTree = SDKROOT; };
		C27EABCF1ACD6E4700148297 /* libPokeMikuStompLib.a */ = {isa = PBXFileReference; explicitFileType = archive.ar; includeInIndex = 0; path = libPokeMikuStompLib.a; sourceTree = BUILT_PRODUCTS_DIR; };
		C27EABD21ACD6E4700148297 /* PokeMikuStompLib.h */ = {isa = PBXFileReference; lastKnownFileType = sourcecode.c.h; path = PokeMikuStompLib.h; sourceTree = "<group>"; };
		C27EABD41ACD6E4700148297 /* PokeMikuStompLib.mm */ = {isa = PBXFileReference; lastKnownFileType = sourcecode.cpp.objcpp; path = PokeMikuStompLib.mm; sourceTree = "<group>"; };
		C27EABDA1ACD6E4700148297 /* PokeMikuStompLibTests.xctest */ = {isa = PBXFileReference; explicitFileType = wrapper.cfbundle; includeInIndex = 0; path = PokeMikuStompLibTests.xctest; sourceTree = BUILT_PRODUCTS_DIR; };
		C27EABE01ACD6E4700148297 /* Info.plist */ = {isa = PBXFileReference; lastKnownFileType = text.plist.xml; path = Info.plist; sourceTree = "<group>"; };
		C27EABE91ACD6E8E00148297 /* PitchDetector.xcodeproj */ = {isa = PBXFileReference; lastKnownFileType = "wrapper.pb-project"; name = PitchDetector.xcodeproj; path = ../PitchDetector/PitchDetector.xcodeproj; sourceTree = "<group>"; };
		C27EABF21ACD6E9C00148297 /* SoundCapture.xcodeproj */ = {isa = PBXFileReference; lastKnownFileType = "wrapper.pb-project"; name = SoundCapture.xcodeproj; path = ../SoundCapture/SoundCapture.xcodeproj; sourceTree = "<group>"; };
		C27EABFF1ACD6EC700148297 /* OpenAL.framework */ = {isa = PBXFileReference; lastKnownFileType = wrapper.framework; name = OpenAL.framework; path = System/Library/Frameworks/OpenAL.framework; sourceTree = SDKROOT; };
		C27EAC121ACD728800148297 /* Pods.xcodeproj */ = {isa = PBXFileReference; lastKnownFileType = "wrapper.pb-project"; name = Pods.xcodeproj; path = Pods/Pods.xcodeproj; sourceTree = "<group>"; };
		C2BCFD821AD8BAFD00326ECB /* VoiceController.cpp */ = {isa = PBXFileReference; fileEncoding = 4; lastKnownFileType = sourcecode.cpp.cpp; name = VoiceController.cpp; path = VoiceController/VoiceController.cpp; sourceTree = "<group>"; };
		C2BCFD831AD8BAFD00326ECB /* VoiceController.h */ = {isa = PBXFileReference; fileEncoding = 4; lastKnownFileType = sourcecode.c.h; name = VoiceController.h; path = VoiceController/VoiceController.h; sourceTree = "<group>"; };
		C2BCFD861AD8BB1300326ECB /* StaticVoiceController.cpp */ = {isa = PBXFileReference; fileEncoding = 4; lastKnownFileType = sourcecode.cpp.cpp; name = StaticVoiceController.cpp; path = VoiceController/StaticVoiceController.cpp; sourceTree = "<group>"; };
		C2BCFD871AD8BB1300326ECB /* StaticVoiceController.h */ = {isa = PBXFileReference; fileEncoding = 4; lastKnownFileType = sourcecode.c.h; name = StaticVoiceController.h; path = VoiceController/StaticVoiceController.h; sourceTree = "<group>"; };
		C2BCFD8A1AD8C6D600326ECB /* Utilities.cpp */ = {isa = PBXFileReference; fileEncoding = 4; lastKnownFileType = sourcecode.cpp.cpp; name = Utilities.cpp; path = VoiceController/Utilities.cpp; sourceTree = "<group>"; };
		C2BCFD8B1AD8C6D600326ECB /* Utilities.h */ = {isa = PBXFileReference; fileEncoding = 4; lastKnownFileType = sourcecode.c.h; name = Utilities.h; path = VoiceController/Utilities.h; sourceTree = "<group>"; };
		C2BCFD8E1AD8CA9300326ECB /* Phrase.cpp */ = {isa = PBXFileReference; fileEncoding = 4; lastKnownFileType = sourcecode.cpp.cpp; name = Phrase.cpp; path = VoiceController/Phrase.cpp; sourceTree = "<group>"; };
		C2BCFD8F1AD8CA9300326ECB /* Phrase.h */ = {isa = PBXFileReference; fileEncoding = 4; lastKnownFileType = sourcecode.c.h; name = Phrase.h; path = VoiceController/Phrase.h; sourceTree = "<group>"; };
		C2BCFD961AD8CF1B00326ECB /* MikuPhrase.cpp */ = {isa = PBXFileReference; fileEncoding = 4; lastKnownFileType = sourcecode.cpp.cpp; name = MikuPhrase.cpp; path = VoiceController/MikuPhrase.cpp; sourceTree = "<group>"; };
		C2BCFD971AD8CF1B00326ECB /* MikuPhrase.h */ = {isa = PBXFileReference; fileEncoding = 4; lastKnownFileType = sourcecode.c.h; name = MikuPhrase.h; path = VoiceController/MikuPhrase.h; sourceTree = "<group>"; };
		C2BCFD9A1AD8D84800326ECB /* VoiceControllerTest.mm */ = {isa = PBXFileReference; fileEncoding = 4; lastKnownFileType = sourcecode.cpp.objcpp; path = VoiceControllerTest.mm; sourceTree = "<group>"; };
		FE027E889037045845A8820A /* libPods.a */ = {isa = PBXFileReference; explicitFileType = archive.ar; includeInIndex = 0; path = libPods.a; sourceTree = BUILT_PRODUCTS_DIR; };
/* End PBXFileReference section */

/* Begin PBXFrameworksBuildPhase section */
		C27EABCC1ACD6E4700148297 /* Frameworks */ = {
			isa = PBXFrameworksBuildPhase;
			buildActionMask = 2147483647;
			files = (
				C267C7271AD2E5CC003071E8 /* Accelerate.framework in Frameworks */,
				C27EAC011ACD6ECE00148297 /* libPitchDetector.a in Frameworks */,
				C27EAC021ACD6ECE00148297 /* libSoundCapture.a in Frameworks */,
				C27EAC001ACD6EC700148297 /* OpenAL.framework in Frameworks */,
				EEBBE10BD05A3B045D78E0CA /* libPods.a in Frameworks */,
			);
			runOnlyForDeploymentPostprocessing = 0;
		};
		C27EABD71ACD6E4700148297 /* Frameworks */ = {
			isa = PBXFrameworksBuildPhase;
			buildActionMask = 2147483647;
			files = (
				C27EABDB1ACD6E4700148297 /* libPokeMikuStompLib.a in Frameworks */,
			);
			runOnlyForDeploymentPostprocessing = 0;
		};
/* End PBXFrameworksBuildPhase section */

/* Begin PBXGroup section */
		7E4581F99877AB62F3A98B8B /* Pods */ = {
			isa = PBXGroup;
			children = (
				018275A5EC2222907D0CBF21 /* Pods.debug.xcconfig */,
				074A8FE93822D8D9A6850F21 /* Pods.release.xcconfig */,
			);
			name = Pods;
			sourceTree = "<group>";
		};
		C27EABC61ACD6E4700148297 = {
			isa = PBXGroup;
			children = (
				C27EAC121ACD728800148297 /* Pods.xcodeproj */,
				C27EABFF1ACD6EC700148297 /* OpenAL.framework */,
				C27EABF21ACD6E9C00148297 /* SoundCapture.xcodeproj */,
				C27EABE91ACD6E8E00148297 /* PitchDetector.xcodeproj */,
				C27EABD11ACD6E4700148297 /* PokeMikuStompLib */,
				C27EABDE1ACD6E4700148297 /* PokeMikuStompLibTests */,
				C27EABD01ACD6E4700148297 /* Products */,
				7E4581F99877AB62F3A98B8B /* Pods */,
				FE4E56E9CFAC2F21E4C10743 /* Frameworks */,
			);
			sourceTree = "<group>";
		};
		C27EABD01ACD6E4700148297 /* Products */ = {
			isa = PBXGroup;
			children = (
				C27EABCF1ACD6E4700148297 /* libPokeMikuStompLib.a */,
				C27EABDA1ACD6E4700148297 /* PokeMikuStompLibTests.xctest */,
			);
			name = Products;
			sourceTree = "<group>";
		};
		C27EABD11ACD6E4700148297 /* PokeMikuStompLib */ = {
			isa = PBXGroup;
			children = (
				C2BCFD7D1AD8BAD400326ECB /* VoiceController */,
				C27EABD21ACD6E4700148297 /* PokeMikuStompLib.h */,
				C27EABD41ACD6E4700148297 /* PokeMikuStompLib.mm */,
			);
			path = PokeMikuStompLib;
			sourceTree = "<group>";
		};
		C27EABDE1ACD6E4700148297 /* PokeMikuStompLibTests */ = {
			isa = PBXGroup;
			children = (
				C27EABDF1ACD6E4700148297 /* Supporting Files */,
				C2BCFD9A1AD8D84800326ECB /* VoiceControllerTest.mm */,
			);
			path = PokeMikuStompLibTests;
			sourceTree = "<group>";
		};
		C27EABDF1ACD6E4700148297 /* Supporting Files */ = {
			isa = PBXGroup;
			children = (
				C27EABE01ACD6E4700148297 /* Info.plist */,
			);
			name = "Supporting Files";
			sourceTree = "<group>";
		};
		C27EABEA1ACD6E8E00148297 /* Products */ = {
			isa = PBXGroup;
			children = (
				C27EABEF1ACD6E8E00148297 /* libPitchDetector.a */,
				C27EABF11ACD6E8E00148297 /* PitchDetectorTests.xctest */,
			);
			name = Products;
			sourceTree = "<group>";
		};
		C27EABF31ACD6E9C00148297 /* Products */ = {
			isa = PBXGroup;
			children = (
				C27EABF81ACD6E9C00148297 /* libSoundCapture.a */,
				C27EABFA1ACD6E9C00148297 /* SoundCaptureTests.xctest */,
			);
			name = Products;
			sourceTree = "<group>";
		};
		C27EAC131ACD728800148297 /* Products */ = {
			isa = PBXGroup;
			children = (
				C27EAC191ACD728800148297 /* libPods.a */,
				C27EAC1B1ACD728800148297 /* libPods-ObjCPokeMiku.a */,
			);
			name = Products;
			sourceTree = "<group>";
		};
		C2BCFD7D1AD8BAD400326ECB /* VoiceController */ = {
			isa = PBXGroup;
			children = (
				C2BCFD821AD8BAFD00326ECB /* VoiceController.cpp */,
				C2BCFD831AD8BAFD00326ECB /* VoiceController.h */,
				C2BCFD861AD8BB1300326ECB /* StaticVoiceController.cpp */,
				C2BCFD871AD8BB1300326ECB /* StaticVoiceController.h */,
				C2BCFD8A1AD8C6D600326ECB /* Utilities.cpp */,
				C2BCFD8B1AD8C6D600326ECB /* Utilities.h */,
				C2BCFD8E1AD8CA9300326ECB /* Phrase.cpp */,
				C2BCFD8F1AD8CA9300326ECB /* Phrase.h */,
				C2BCFD961AD8CF1B00326ECB /* MikuPhrase.cpp */,
				C2BCFD971AD8CF1B00326ECB /* MikuPhrase.h */,
			);
			name = VoiceController;
			sourceTree = "<group>";
		};
		FE4E56E9CFAC2F21E4C10743 /* Frameworks */ = {
			isa = PBXGroup;
			children = (
				C267C7261AD2E5CC003071E8 /* Accelerate.framework */,
				FE027E889037045845A8820A /* libPods.a */,
			);
			name = Frameworks;
			sourceTree = "<group>";
		};
/* End PBXGroup section */

/* Begin PBXHeadersBuildPhase section */
		C27EABCD1ACD6E4700148297 /* Headers */ = {
			isa = PBXHeadersBuildPhase;
			buildActionMask = 2147483647;
			files = (
				C2BCFD891AD8BB1300326ECB /* StaticVoiceController.h in Headers */,
				C2BCFD8D1AD8C6D600326ECB /* Utilities.h in Headers */,
				C2BCFD991AD8CF1B00326ECB /* MikuPhrase.h in Headers */,
				C27EABD31ACD6E4700148297 /* PokeMikuStompLib.h in Headers */,
				C2BCFD851AD8BAFD00326ECB /* VoiceController.h in Headers */,
				C2BCFD911AD8CA9300326ECB /* Phrase.h in Headers */,
			);
			runOnlyForDeploymentPostprocessing = 0;
		};
/* End PBXHeadersBuildPhase section */

/* Begin PBXNativeTarget section */
		C27EABCE1ACD6E4700148297 /* PokeMikuStompLib */ = {
			isa = PBXNativeTarget;
			buildConfigurationList = C27EABE31ACD6E4700148297 /* Build configuration list for PBXNativeTarget "PokeMikuStompLib" */;
			buildPhases = (
				FDECBBD9C4714853E0E3BAF4 /* Check Pods Manifest.lock */,
				C27EABCB1ACD6E4700148297 /* Sources */,
				C27EABCC1ACD6E4700148297 /* Frameworks */,
				C27EABCD1ACD6E4700148297 /* Headers */,
				D30D096FDB669C5CA7B5032C /* Copy Pods Resources */,
			);
			buildRules = (
			);
			dependencies = (
				C27EABFE1ACD6EBD00148297 /* PBXTargetDependency */,
				C27EABFC1ACD6EB800148297 /* PBXTargetDependency */,
			);
			name = PokeMikuStompLib;
			productName = PokeMikuStompLib;
			productReference = C27EABCF1ACD6E4700148297 /* libPokeMikuStompLib.a */;
			productType = "com.apple.product-type.library.static";
		};
		C27EABD91ACD6E4700148297 /* PokeMikuStompLibTests */ = {
			isa = PBXNativeTarget;
			buildConfigurationList = C27EABE61ACD6E4700148297 /* Build configuration list for PBXNativeTarget "PokeMikuStompLibTests" */;
			buildPhases = (
				C27EABD61ACD6E4700148297 /* Sources */,
				C27EABD71ACD6E4700148297 /* Frameworks */,
				C27EABD81ACD6E4700148297 /* Resources */,
			);
			buildRules = (
			);
			dependencies = (
				C27EABDD1ACD6E4700148297 /* PBXTargetDependency */,
			);
			name = PokeMikuStompLibTests;
			productName = PokeMikuStompLibTests;
			productReference = C27EABDA1ACD6E4700148297 /* PokeMikuStompLibTests.xctest */;
			productType = "com.apple.product-type.bundle.unit-test";
		};
/* End PBXNativeTarget section */

/* Begin PBXProject section */
		C27EABC71ACD6E4700148297 /* Project object */ = {
			isa = PBXProject;
			attributes = {
				LastUpgradeCheck = 0630;
				ORGANIZATIONNAME = "Nobuhiro Kuroiwa";
				TargetAttributes = {
					C27EABCE1ACD6E4700148297 = {
						CreatedOnToolsVersion = 6.2;
					};
					C27EABD91ACD6E4700148297 = {
						CreatedOnToolsVersion = 6.2;
					};
				};
			};
			buildConfigurationList = C27EABCA1ACD6E4700148297 /* Build configuration list for PBXProject "PokeMikuStompLib" */;
			compatibilityVersion = "Xcode 3.2";
			developmentRegion = English;
			hasScannedForEncodings = 0;
			knownRegions = (
				en,
			);
			mainGroup = C27EABC61ACD6E4700148297;
			productRefGroup = C27EABD01ACD6E4700148297 /* Products */;
			projectDirPath = "";
			projectReferences = (
				{
					ProductGroup = C27EABEA1ACD6E8E00148297 /* Products */;
					ProjectRef = C27EABE91ACD6E8E00148297 /* PitchDetector.xcodeproj */;
				},
				{
					ProductGroup = C27EAC131ACD728800148297 /* Products */;
					ProjectRef = C27EAC121ACD728800148297 /* Pods.xcodeproj */;
				},
				{
					ProductGroup = C27EABF31ACD6E9C00148297 /* Products */;
					ProjectRef = C27EABF21ACD6E9C00148297 /* SoundCapture.xcodeproj */;
				},
			);
			projectRoot = "";
			targets = (
				C27EABCE1ACD6E4700148297 /* PokeMikuStompLib */,
				C27EABD91ACD6E4700148297 /* PokeMikuStompLibTests */,
			);
		};
/* End PBXProject section */

/* Begin PBXReferenceProxy section */
		C27EABEF1ACD6E8E00148297 /* libPitchDetector.a */ = {
			isa = PBXReferenceProxy;
			fileType = archive.ar;
			path = libPitchDetector.a;
			remoteRef = C27EABEE1ACD6E8E00148297 /* PBXContainerItemProxy */;
			sourceTree = BUILT_PRODUCTS_DIR;
		};
		C27EABF11ACD6E8E00148297 /* PitchDetectorTests.xctest */ = {
			isa = PBXReferenceProxy;
			fileType = wrapper.cfbundle;
			path = PitchDetectorTests.xctest;
			remoteRef = C27EABF01ACD6E8E00148297 /* PBXContainerItemProxy */;
			sourceTree = BUILT_PRODUCTS_DIR;
		};
		C27EABF81ACD6E9C00148297 /* libSoundCapture.a */ = {
			isa = PBXReferenceProxy;
			fileType = archive.ar;
			path = libSoundCapture.a;
			remoteRef = C27EABF71ACD6E9C00148297 /* PBXContainerItemProxy */;
			sourceTree = BUILT_PRODUCTS_DIR;
		};
		C27EABFA1ACD6E9C00148297 /* SoundCaptureTests.xctest */ = {
			isa = PBXReferenceProxy;
			fileType = wrapper.cfbundle;
			path = SoundCaptureTests.xctest;
			remoteRef = C27EABF91ACD6E9C00148297 /* PBXContainerItemProxy */;
			sourceTree = BUILT_PRODUCTS_DIR;
		};
		C27EAC191ACD728800148297 /* libPods.a */ = {
			isa = PBXReferenceProxy;
			fileType = archive.ar;
			path = libPods.a;
			remoteRef = C27EAC181ACD728800148297 /* PBXContainerItemProxy */;
			sourceTree = BUILT_PRODUCTS_DIR;
		};
		C27EAC1B1ACD728800148297 /* libPods-ObjCPokeMiku.a */ = {
			isa = PBXReferenceProxy;
			fileType = archive.ar;
			path = "libPods-ObjCPokeMiku.a";
			remoteRef = C27EAC1A1ACD728800148297 /* PBXContainerItemProxy */;
			sourceTree = BUILT_PRODUCTS_DIR;
		};
/* End PBXReferenceProxy section */

/* Begin PBXResourcesBuildPhase section */
		C27EABD81ACD6E4700148297 /* Resources */ = {
			isa = PBXResourcesBuildPhase;
			buildActionMask = 2147483647;
			files = (
			);
			runOnlyForDeploymentPostprocessing = 0;
		};
/* End PBXResourcesBuildPhase section */

/* Begin PBXShellScriptBuildPhase section */
		D30D096FDB669C5CA7B5032C /* Copy Pods Resources */ = {
			isa = PBXShellScriptBuildPhase;
			buildActionMask = 2147483647;
			files = (
			);
			inputPaths = (
			);
			name = "Copy Pods Resources";
			outputPaths = (
			);
			runOnlyForDeploymentPostprocessing = 0;
			shellPath = /bin/sh;
			shellScript = "\"${SRCROOT}/Pods/Target Support Files/Pods/Pods-resources.sh\"\n";
			showEnvVarsInLog = 0;
		};
		FDECBBD9C4714853E0E3BAF4 /* Check Pods Manifest.lock */ = {
			isa = PBXShellScriptBuildPhase;
			buildActionMask = 2147483647;
			files = (
			);
			inputPaths = (
			);
			name = "Check Pods Manifest.lock";
			outputPaths = (
			);
			runOnlyForDeploymentPostprocessing = 0;
			shellPath = /bin/sh;
			shellScript = "diff \"${PODS_ROOT}/../Podfile.lock\" \"${PODS_ROOT}/Manifest.lock\" > /dev/null\nif [[ $? != 0 ]] ; then\n    cat << EOM\nerror: The sandbox is not in sync with the Podfile.lock. Run 'pod install' or update your CocoaPods installation.\nEOM\n    exit 1\nfi\n";
			showEnvVarsInLog = 0;
		};
/* End PBXShellScriptBuildPhase section */

/* Begin PBXSourcesBuildPhase section */
		C27EABCB1ACD6E4700148297 /* Sources */ = {
			isa = PBXSourcesBuildPhase;
			buildActionMask = 2147483647;
			files = (
				C2BCFD8C1AD8C6D600326ECB /* Utilities.cpp in Sources */,
				C2BCFD841AD8BAFD00326ECB /* VoiceController.cpp in Sources */,
				C27EABD51ACD6E4700148297 /* PokeMikuStompLib.mm in Sources */,
				C2BCFD881AD8BB1300326ECB /* StaticVoiceController.cpp in Sources */,
				C2BCFD901AD8CA9300326ECB /* Phrase.cpp in Sources */,
				C2BCFD981AD8CF1B00326ECB /* MikuPhrase.cpp in Sources */,
			);
			runOnlyForDeploymentPostprocessing = 0;
		};
		C27EABD61ACD6E4700148297 /* Sources */ = {
			isa = PBXSourcesBuildPhase;
			buildActionMask = 2147483647;
			files = (
				C2BCFD9B1AD8D84800326ECB /* VoiceControllerTest.mm in Sources */,
			);
			runOnlyForDeploymentPostprocessing = 0;
		};
/* End PBXSourcesBuildPhase section */

/* Begin PBXTargetDependency section */
		C27EABDD1ACD6E4700148297 /* PBXTargetDependency */ = {
			isa = PBXTargetDependency;
			target = C27EABCE1ACD6E4700148297 /* PokeMikuStompLib */;
			targetProxy = C27EABDC1ACD6E4700148297 /* PBXContainerItemProxy */;
		};
		C27EABFC1ACD6EB800148297 /* PBXTargetDependency */ = {
			isa = PBXTargetDependency;
			name = PitchDetector;
			targetProxy = C27EABFB1ACD6EB800148297 /* PBXContainerItemProxy */;
		};
		C27EABFE1ACD6EBD00148297 /* PBXTargetDependency */ = {
			isa = PBXTargetDependency;
			name = SoundCapture;
			targetProxy = C27EABFD1ACD6EBD00148297 /* PBXContainerItemProxy */;
		};
/* End PBXTargetDependency section */

/* Begin XCBuildConfiguration section */
		C27EABE11ACD6E4700148297 /* Debug */ = {
			isa = XCBuildConfiguration;
			buildSettings = {
				ALWAYS_SEARCH_USER_PATHS = NO;
				CLANG_CXX_LANGUAGE_STANDARD = "gnu++0x";
				CLANG_CXX_LIBRARY = "libc++";
				CLANG_ENABLE_MODULES = YES;
				CLANG_ENABLE_OBJC_ARC = YES;
				CLANG_WARN_BOOL_CONVERSION = YES;
				CLANG_WARN_CONSTANT_CONVERSION = YES;
				CLANG_WARN_DIRECT_OBJC_ISA_USAGE = YES_ERROR;
				CLANG_WARN_EMPTY_BODY = YES;
				CLANG_WARN_ENUM_CONVERSION = YES;
				CLANG_WARN_INT_CONVERSION = YES;
				CLANG_WARN_OBJC_ROOT_CLASS = YES_ERROR;
				CLANG_WARN_UNREACHABLE_CODE = YES;
				CLANG_WARN__DUPLICATE_METHOD_MATCH = YES;
				COPY_PHASE_STRIP = NO;
				ENABLE_STRICT_OBJC_MSGSEND = YES;
				GCC_C_LANGUAGE_STANDARD = gnu99;
				GCC_DYNAMIC_NO_PIC = NO;
				GCC_OPTIMIZATION_LEVEL = 0;
				GCC_PREPROCESSOR_DEFINITIONS = (
					"DEBUG=1",
					"$(inherited)",
				);
				GCC_SYMBOLS_PRIVATE_EXTERN = NO;
				GCC_WARN_64_TO_32_BIT_CONVERSION = YES;
				GCC_WARN_ABOUT_RETURN_TYPE = YES_ERROR;
				GCC_WARN_UNDECLARED_SELECTOR = YES;
				GCC_WARN_UNINITIALIZED_AUTOS = YES_AGGRESSIVE;
				GCC_WARN_UNUSED_FUNCTION = YES;
				GCC_WARN_UNUSED_VARIABLE = YES;
				HEADER_SEARCH_PATHS = (
					"$(inherited)",
					/Applications/Xcode.app/Contents/Developer/Toolchains/XcodeDefault.xctoolchain/usr/include,
					../PitchDetector/PitchDetector,
					../SoundCapture/SoundCapture,
				);
				MACOSX_DEPLOYMENT_TARGET = 10.10;
				MTL_ENABLE_DEBUG_INFO = YES;
				ONLY_ACTIVE_ARCH = YES;
				SDKROOT = macosx;
			};
			name = Debug;
		};
		C27EABE21ACD6E4700148297 /* Release */ = {
			isa = XCBuildConfiguration;
			buildSettings = {
				ALWAYS_SEARCH_USER_PATHS = NO;
				CLANG_CXX_LANGUAGE_STANDARD = "gnu++0x";
				CLANG_CXX_LIBRARY = "libc++";
				CLANG_ENABLE_MODULES = YES;
				CLANG_ENABLE_OBJC_ARC = YES;
				CLANG_WARN_BOOL_CONVERSION = YES;
				CLANG_WARN_CONSTANT_CONVERSION = YES;
				CLANG_WARN_DIRECT_OBJC_ISA_USAGE = YES_ERROR;
				CLANG_WARN_EMPTY_BODY = YES;
				CLANG_WARN_ENUM_CONVERSION = YES;
				CLANG_WARN_INT_CONVERSION = YES;
				CLANG_WARN_OBJC_ROOT_CLASS = YES_ERROR;
				CLANG_WARN_UNREACHABLE_CODE = YES;
				CLANG_WARN__DUPLICATE_METHOD_MATCH = YES;
				COPY_PHASE_STRIP = NO;
				DEBUG_INFORMATION_FORMAT = "dwarf-with-dsym";
				ENABLE_NS_ASSERTIONS = NO;
				ENABLE_STRICT_OBJC_MSGSEND = YES;
				GCC_C_LANGUAGE_STANDARD = gnu99;
				GCC_WARN_64_TO_32_BIT_CONVERSION = YES;
				GCC_WARN_ABOUT_RETURN_TYPE = YES_ERROR;
				GCC_WARN_UNDECLARED_SELECTOR = YES;
				GCC_WARN_UNINITIALIZED_AUTOS = YES_AGGRESSIVE;
				GCC_WARN_UNUSED_FUNCTION = YES;
				GCC_WARN_UNUSED_VARIABLE = YES;
				HEADER_SEARCH_PATHS = (
					"$(inherited)",
					/Applications/Xcode.app/Contents/Developer/Toolchains/XcodeDefault.xctoolchain/usr/include,
					../PitchDetector/PitchDetector,
					../SoundCapture/SoundCapture,
				);
				MACOSX_DEPLOYMENT_TARGET = 10.10;
				MTL_ENABLE_DEBUG_INFO = NO;
				SDKROOT = macosx;
			};
			name = Release;
		};
		C27EABE41ACD6E4700148297 /* Debug */ = {
			isa = XCBuildConfiguration;
			baseConfigurationReference = 018275A5EC2222907D0CBF21 /* Pods.debug.xcconfig */;
			buildSettings = {
				COMBINE_HIDPI_IMAGES = YES;
				EXECUTABLE_PREFIX = lib;
				PRODUCT_NAME = "$(TARGET_NAME)";
			};
			name = Debug;
		};
		C27EABE51ACD6E4700148297 /* Release */ = {
			isa = XCBuildConfiguration;
			baseConfigurationReference = 074A8FE93822D8D9A6850F21 /* Pods.release.xcconfig */;
			buildSettings = {
				COMBINE_HIDPI_IMAGES = YES;
				EXECUTABLE_PREFIX = lib;
				PRODUCT_NAME = "$(TARGET_NAME)";
			};
			name = Release;
		};
		C27EABE71ACD6E4700148297 /* Debug */ = {
			isa = XCBuildConfiguration;
			buildSettings = {
				COMBINE_HIDPI_IMAGES = YES;
				FRAMEWORK_SEARCH_PATHS = (
					"$(DEVELOPER_FRAMEWORKS_DIR)",
					"$(inherited)",
				);
				GCC_PREPROCESSOR_DEFINITIONS = (
					"DEBUG=1",
					"$(inherited)",
				);
				INFOPLIST_FILE = PokeMikuStompLibTests/Info.plist;
				LD_RUNPATH_SEARCH_PATHS = "$(inherited) @executable_path/../Frameworks @loader_path/../Frameworks";
				PRODUCT_NAME = "$(TARGET_NAME)";
			};
			name = Debug;
		};
		C27EABE81ACD6E4700148297 /* Release */ = {
			isa = XCBuildConfiguration;
			buildSettings = {
				COMBINE_HIDPI_IMAGES = YES;
				FRAMEWORK_SEARCH_PATHS = (
					"$(DEVELOPER_FRAMEWORKS_DIR)",
					"$(inherited)",
				);
				INFOPLIST_FILE = PokeMikuStompLibTests/Info.plist;
				LD_RUNPATH_SEARCH_PATHS = "$(inherited) @executable_path/../Frameworks @loader_path/../Frameworks";
				PRODUCT_NAME = "$(TARGET_NAME)";
			};
			name = Release;
		};
/* End XCBuildConfiguration section */

/* Begin XCConfigurationList section */
		C27EABCA1ACD6E4700148297 /* Build configuration list for PBXProject "PokeMikuStompLib" */ = {
			isa = XCConfigurationList;
			buildConfigurations = (
				C27EABE11ACD6E4700148297 /* Debug */,
				C27EABE21ACD6E4700148297 /* Release */,
			);
			defaultConfigurationIsVisible = 0;
			defaultConfigurationName = Release;
		};
		C27EABE31ACD6E4700148297 /* Build configuration list for PBXNativeTarget "PokeMikuStompLib" */ = {
			isa = XCConfigurationList;
			buildConfigurations = (
				C27EABE41ACD6E4700148297 /* Debug */,
				C27EABE51ACD6E4700148297 /* Release */,
			);
			defaultConfigurationIsVisible = 0;
			defaultConfigurationName = Release;
		};
		C27EABE61ACD6E4700148297 /* Build configuration list for PBXNativeTarget "PokeMikuStompLibTests" */ = {
			isa = XCConfigurationList;
			buildConfigurations = (
				C27EABE71ACD6E4700148297 /* Debug */,
				C27EABE81ACD6E4700148297 /* Release */,
			);
			defaultConfigurationIsVisible = 0;
			defaultConfigurationName = Release;
		};
/* End XCConfigurationList section */
	};
	rootObject = C27EABC71ACD6E4700148297 /* Project object */;
}
